
Microsoft Visual Studio Solution File, Format Version 12.00
# Visual Studio Version 16
VisualStudioVersion = 16.0.29509.3
MinimumVisualStudioVersion = 10.0.40219.1
Project("{2150E333-8FDC-42A3-9474-1A3956D46DE8}") = "04-Infraestructura", "04-Infraestructura", "{EE673371-7353-425C-A5FC-D4F48F7F9BFD}"
EndProject
Project("{2150E333-8FDC-42A3-9474-1A3956D46DE8}") = "03-Dominio", "03-Dominio", "{9235EF72-FF2B-4FA3-B5A0-6EC2DFB3653E}"
EndProject
Project("{2150E333-8FDC-42A3-9474-1A3956D46DE8}") = "02-Servicios", "02-Servicios", "{55AD01FA-8715-490B-94AA-C24DCCFE6FE5}"
EndProject
Project("{2150E333-8FDC-42A3-9474-1A3956D46DE8}") = "01-Aplicacion", "01-Aplicacion", "{DDF55BE8-1F3D-4CCC-A736-F1B07E4FFD7D}"
EndProject
Project("{2150E333-8FDC-42A3-9474-1A3956D46DE8}") = "Conexion", "Conexion", "{29163248-DDD5-4FC5-9F00-34C4BF4F8217}"
EndProject
Project("{9A19103F-16F7-4668-BE54-9A1E7A4F7556}") = "Ibiza.CadenaConexion", "Ibiza.CadenaConexion\Ibiza.CadenaConexion.csproj", "{D408CF9F-B517-4073-8BDA-6743555E2739}"
EndProject
Project("{9A19103F-16F7-4668-BE54-9A1E7A4F7556}") = "Ibiza.Infraestructura", "Ibiza.Infraestructura\Ibiza.Infraestructura.csproj", "{F69FCB2B-1B12-4F23-8B8F-2A91C2430CEC}"
EndProject
Project("{9A19103F-16F7-4668-BE54-9A1E7A4F7556}") = "Ibiza.Dominio", "Ibiza.Dominio\Ibiza.Dominio.csproj", "{5A63017D-3BB4-48A5-8099-74D6D9299CDF}"
EndProject
Project("{9A19103F-16F7-4668-BE54-9A1E7A4F7556}") = "Ibiza.DominioBase", "Ibiza.DominioBase\Ibiza.DominioBase.csproj", "{3E87D9DF-405B-4813-AFF0-8D3DCD32066C}"
EndProject
Project("{2150E333-8FDC-42A3-9474-1A3956D46DE8}") = "Prueba", "Prueba", "{88024846-595E-4F6C-9077-9DDD225762E8}"
EndProject
Project("{9A19103F-16F7-4668-BE54-9A1E7A4F7556}") = "Ibiza.Prueba", "Ibiza.Prueba\Ibiza.Prueba.csproj", "{DFEFB009-67F3-4005-91A1-8C5A904C596D}"
EndProject
Project("{9A19103F-16F7-4668-BE54-9A1E7A4F7556}") = "Ibiza.Servicio", "Ibiza.Servicio\Ibiza.Servicio.csproj", "{821086FC-13DA-40F1-8F3E-B9040E191A40}"
EndProject
Project("{2150E333-8FDC-42A3-9474-1A3956D46DE8}") = "Api", "Api", "{4A9C619D-41C0-4681-A172-63A86F27E5C5}"
EndProject
Project("{9A19103F-16F7-4668-BE54-9A1E7A4F7556}") = "Ibiza.Api", "Ibiza.Api\Ibiza.Api.csproj", "{FCB21B67-0CA2-4D4B-8D04-D7C2559178CC}"
EndProject
Project("{9A19103F-16F7-4668-BE54-9A1E7A4F7556}") = "Ibiza.Servicio.Interfaz", "Ibiza.Servicio.Interfaz\Ibiza.Servicio.Interfaz.csproj", "{496F2D8A-C182-4EF3-95CF-DF72B9FCB358}"
EndProject
Project("{2150E333-8FDC-42A3-9474-1A3956D46DE8}") = "Inyeccion", "Inyeccion", "{564EBA56-3F5C-44D5-B04C-FF442AFC5EE5}"
EndProject
Project("{9A19103F-16F7-4668-BE54-9A1E7A4F7556}") = "Ibiza.Inyeccion", "Ibiza.Inyeccion\Ibiza.Inyeccion.csproj", "{C1376E04-E561-4460-8541-996DCACA5F0E}"
EndProject
Project("{2150E333-8FDC-42A3-9474-1A3956D46DE8}") = "Mapper", "Mapper", "{85409C31-1B9B-4BDC-B4F2-4FFDB34325F8}"
EndProject
Project("{FAE04EC0-301F-11D3-BF4B-00C04F79EFBC}") = "MapperProfiles", "MapperProfiles\MapperProfiles.csproj", "{AB2C1FDA-9E05-40D9-AA0B-E54328853F30}"
EndProject
Global
	GlobalSection(SolutionConfigurationPlatforms) = preSolution
		Debug|Any CPU = Debug|Any CPU
		Release|Any CPU = Release|Any CPU
	EndGlobalSection
	GlobalSection(ProjectConfigurationPlatforms) = postSolution
		{D408CF9F-B517-4073-8BDA-6743555E2739}.Debug|Any CPU.ActiveCfg = Debug|Any CPU
		{D408CF9F-B517-4073-8BDA-6743555E2739}.Debug|Any CPU.Build.0 = Debug|Any CPU
		{D408CF9F-B517-4073-8BDA-6743555E2739}.Release|Any CPU.ActiveCfg = Release|Any CPU
		{D408CF9F-B517-4073-8BDA-6743555E2739}.Release|Any CPU.Build.0 = Release|Any CPU
		{F69FCB2B-1B12-4F23-8B8F-2A91C2430CEC}.Debug|Any CPU.ActiveCfg = Debug|Any CPU
		{F69FCB2B-1B12-4F23-8B8F-2A91C2430CEC}.Debug|Any CPU.Build.0 = Debug|Any CPU
		{F69FCB2B-1B12-4F23-8B8F-2A91C2430CEC}.Release|Any CPU.ActiveCfg = Release|Any CPU
		{F69FCB2B-1B12-4F23-8B8F-2A91C2430CEC}.Release|Any CPU.Build.0 = Release|Any CPU
		{5A63017D-3BB4-48A5-8099-74D6D9299CDF}.Debug|Any CPU.ActiveCfg = Debug|Any CPU
		{5A63017D-3BB4-48A5-8099-74D6D9299CDF}.Debug|Any CPU.Build.0 = Debug|Any CPU
		{5A63017D-3BB4-48A5-8099-74D6D9299CDF}.Release|Any CPU.ActiveCfg = Release|Any CPU
		{5A63017D-3BB4-48A5-8099-74D6D9299CDF}.Release|Any CPU.Build.0 = Release|Any CPU
		{3E87D9DF-405B-4813-AFF0-8D3DCD32066C}.Debug|Any CPU.ActiveCfg = Debug|Any CPU
		{3E87D9DF-405B-4813-AFF0-8D3DCD32066C}.Debug|Any CPU.Build.0 = Debug|Any CPU
		{3E87D9DF-405B-4813-AFF0-8D3DCD32066C}.Release|Any CPU.ActiveCfg = Release|Any CPU
		{3E87D9DF-405B-4813-AFF0-8D3DCD32066C}.Release|Any CPU.Build.0 = Release|Any CPU
		{DFEFB009-67F3-4005-91A1-8C5A904C596D}.Debug|Any CPU.ActiveCfg = Debug|Any CPU
		{DFEFB009-67F3-4005-91A1-8C5A904C596D}.Debug|Any CPU.Build.0 = Debug|Any CPU
		{DFEFB009-67F3-4005-91A1-8C5A904C596D}.Release|Any CPU.ActiveCfg = Release|Any CPU
		{DFEFB009-67F3-4005-91A1-8C5A904C596D}.Release|Any CPU.Build.0 = Release|Any CPU
		{821086FC-13DA-40F1-8F3E-B9040E191A40}.Debug|Any CPU.ActiveCfg = Debug|Any CPU
		{821086FC-13DA-40F1-8F3E-B9040E191A40}.Debug|Any CPU.Build.0 = Debug|Any CPU
		{821086FC-13DA-40F1-8F3E-B9040E191A40}.Release|Any CPU.ActiveCfg = Release|Any CPU
		{821086FC-13DA-40F1-8F3E-B9040E191A40}.Release|Any CPU.Build.0 = Release|Any CPU
		{FCB21B67-0CA2-4D4B-8D04-D7C2559178CC}.Debug|Any CPU.ActiveCfg = Debug|Any CPU
		{FCB21B67-0CA2-4D4B-8D04-D7C2559178CC}.Debug|Any CPU.Build.0 = Debug|Any CPU
		{FCB21B67-0CA2-4D4B-8D04-D7C2559178CC}.Release|Any CPU.ActiveCfg = Release|Any CPU
		{FCB21B67-0CA2-4D4B-8D04-D7C2559178CC}.Release|Any CPU.Build.0 = Release|Any CPU
		{496F2D8A-C182-4EF3-95CF-DF72B9FCB358}.Debug|Any CPU.ActiveCfg = Debug|Any CPU
		{496F2D8A-C182-4EF3-95CF-DF72B9FCB358}.Debug|Any CPU.Build.0 = Debug|Any CPU
		{496F2D8A-C182-4EF3-95CF-DF72B9FCB358}.Release|Any CPU.ActiveCfg = Release|Any CPU
		{496F2D8A-C182-4EF3-95CF-DF72B9FCB358}.Release|Any CPU.Build.0 = Release|Any CPU
		{C1376E04-E561-4460-8541-996DCACA5F0E}.Debug|Any CPU.ActiveCfg = Debug|Any CPU
		{C1376E04-E561-4460-8541-996DCACA5F0E}.Debug|Any CPU.Build.0 = Debug|Any CPU
		{C1376E04-E561-4460-8541-996DCACA5F0E}.Release|Any CPU.ActiveCfg = Release|Any CPU
		{C1376E04-E561-4460-8541-996DCACA5F0E}.Release|Any CPU.Build.0 = Release|Any CPU
		{AB2C1FDA-9E05-40D9-AA0B-E54328853F30}.Debug|Any CPU.ActiveCfg = Debug|Any CPU
		{AB2C1FDA-9E05-40D9-AA0B-E54328853F30}.Debug|Any CPU.Build.0 = Debug|Any CPU
		{AB2C1FDA-9E05-40D9-AA0B-E54328853F30}.Release|Any CPU.ActiveCfg = Release|Any CPU
		{AB2C1FDA-9E05-40D9-AA0B-E54328853F30}.Release|Any CPU.Build.0 = Release|Any CPU
	EndGlobalSection
	GlobalSection(SolutionProperties) = preSolution
		HideSolutionNode = FALSE
	EndGlobalSection
	GlobalSection(NestedProjects) = preSolution
		{29163248-DDD5-4FC5-9F00-34C4BF4F8217} = {DDF55BE8-1F3D-4CCC-A736-F1B07E4FFD7D}
		{D408CF9F-B517-4073-8BDA-6743555E2739} = {29163248-DDD5-4FC5-9F00-34C4BF4F8217}
		{F69FCB2B-1B12-4F23-8B8F-2A91C2430CEC} = {EE673371-7353-425C-A5FC-D4F48F7F9BFD}
		{5A63017D-3BB4-48A5-8099-74D6D9299CDF} = {9235EF72-FF2B-4FA3-B5A0-6EC2DFB3653E}
		{3E87D9DF-405B-4813-AFF0-8D3DCD32066C} = {9235EF72-FF2B-4FA3-B5A0-6EC2DFB3653E}
		{88024846-595E-4F6C-9077-9DDD225762E8} = {DDF55BE8-1F3D-4CCC-A736-F1B07E4FFD7D}
		{DFEFB009-67F3-4005-91A1-8C5A904C596D} = {88024846-595E-4F6C-9077-9DDD225762E8}
		{821086FC-13DA-40F1-8F3E-B9040E191A40} = {55AD01FA-8715-490B-94AA-C24DCCFE6FE5}
		{4A9C619D-41C0-4681-A172-63A86F27E5C5} = {DDF55BE8-1F3D-4CCC-A736-F1B07E4FFD7D}
		{FCB21B67-0CA2-4D4B-8D04-D7C2559178CC} = {4A9C619D-41C0-4681-A172-63A86F27E5C5}
		{496F2D8A-C182-4EF3-95CF-DF72B9FCB358} = {55AD01FA-8715-490B-94AA-C24DCCFE6FE5}
		{564EBA56-3F5C-44D5-B04C-FF442AFC5EE5} = {DDF55BE8-1F3D-4CCC-A736-F1B07E4FFD7D}
		{C1376E04-E561-4460-8541-996DCACA5F0E} = {564EBA56-3F5C-44D5-B04C-FF442AFC5EE5}
		{85409C31-1B9B-4BDC-B4F2-4FFDB34325F8} = {DDF55BE8-1F3D-4CCC-A736-F1B07E4FFD7D}
		{AB2C1FDA-9E05-40D9-AA0B-E54328853F30} = {85409C31-1B9B-4BDC-B4F2-4FFDB34325F8}
	EndGlobalSection
	GlobalSection(ExtensibilityGlobals) = postSolution
		SolutionGuid = {D4F8C985-3033-4AA9-A305-47016A4C7E72}
	EndGlobalSection
EndGlobal
